
Microsoft Visual Studio Solution File, Format Version 12.00
# Visual Studio 14
VisualStudioVersion = 14.0.25123.0
MinimumVisualStudioVersion = 10.0.40219.1
Project("{FAE04EC0-301F-11D3-BF4B-00C04F79EFBC}") = "XamarinMovies.Droid", "XamarinMovies\XamarinMovies.Droid\XamarinMovies.Droid.csproj", "{C2F995CA-620A-4F34-AE77-9C29A45DF441}"
EndProject
Project("{FAE04EC0-301F-11D3-BF4B-00C04F79EFBC}") = "XamarinMovies.iOS", "XamarinMovies\XamarinMovies.iOS\XamarinMovies.iOS.csproj", "{E36BC9C0-DC9F-45AE-8F06-44C7927C0FFB}"
EndProject
Project("{FAE04EC0-301F-11D3-BF4B-00C04F79EFBC}") = "XamarinMovies.WinPhone", "XamarinMovies\XamarinMovies.WinPhone\XamarinMovies.WinPhone.csproj", "{7FDD8545-05F7-4013-866B-822998B1F152}"
EndProject
Project("{FAE04EC0-301F-11D3-BF4B-00C04F79EFBC}") = "XamarinMovies.Common", "XamarinMovies\XamarinMovies\XamarinMovies.Common.csproj", "{B0464FAC-900B-477D-AB43-B6CF924A9496}"
EndProject
Project("{FAE04EC0-301F-11D3-BF4B-00C04F79EFBC}") = "XamarinMovies.Contracts", "XamarinMovies\XamarinMovies.Contracts\XamarinMovies.Contracts\XamarinMovies.Contracts.csproj", "{68DC6662-300B-42D2-A324-C68F739FEBC9}"
EndProject
Global
	GlobalSection(SolutionConfigurationPlatforms) = preSolution
		AppStore|Any CPU = AppStore|Any CPU
		AppStore|ARM = AppStore|ARM
		AppStore|iPhone = AppStore|iPhone
		AppStore|iPhoneSimulator = AppStore|iPhoneSimulator
		AppStore|x86 = AppStore|x86
		Debug|Any CPU = Debug|Any CPU
		Debug|ARM = Debug|ARM
		Debug|iPhone = Debug|iPhone
		Debug|iPhoneSimulator = Debug|iPhoneSimulator
		Debug|x86 = Debug|x86
		Release|Any CPU = Release|Any CPU
		Release|ARM = Release|ARM
		Release|iPhone = Release|iPhone
		Release|iPhoneSimulator = Release|iPhoneSimulator
		Release|x86 = Release|x86
	EndGlobalSection
	GlobalSection(ProjectConfigurationPlatforms) = postSolution
		{C2F995CA-620A-4F34-AE77-9C29A45DF441}.AppStore|Any CPU.ActiveCfg = Release|Any CPU
		{C2F995CA-620A-4F34-AE77-9C29A45DF441}.AppStore|Any CPU.Build.0 = Release|Any CPU
		{C2F995CA-620A-4F34-AE77-9C29A45DF441}.AppStore|Any CPU.Deploy.0 = Release|Any CPU
		{C2F995CA-620A-4F34-AE77-9C29A45DF441}.AppStore|ARM.ActiveCfg = Release|Any CPU
		{C2F995CA-620A-4F34-AE77-9C29A45DF441}.AppStore|ARM.Build.0 = Release|Any CPU
		{C2F995CA-620A-4F34-AE77-9C29A45DF441}.AppStore|ARM.Deploy.0 = Release|Any CPU
		{C2F995CA-620A-4F34-AE77-9C29A45DF441}.AppStore|iPhone.ActiveCfg = Release|Any CPU
		{C2F995CA-620A-4F34-AE77-9C29A45DF441}.AppStore|iPhone.Build.0 = Release|Any CPU
		{C2F995CA-620A-4F34-AE77-9C29A45DF441}.AppStore|iPhone.Deploy.0 = Release|Any CPU
		{C2F995CA-620A-4F34-AE77-9C29A45DF441}.AppStore|iPhoneSimulator.ActiveCfg = Release|Any CPU
		{C2F995CA-620A-4F34-AE77-9C29A45DF441}.AppStore|iPhoneSimulator.Build.0 = Release|Any CPU
		{C2F995CA-620A-4F34-AE77-9C29A45DF441}.AppStore|iPhoneSimulator.Deploy.0 = Release|Any CPU
		{C2F995CA-620A-4F34-AE77-9C29A45DF441}.AppStore|x86.ActiveCfg = Release|Any CPU
		{C2F995CA-620A-4F34-AE77-9C29A45DF441}.AppStore|x86.Build.0 = Release|Any CPU
		{C2F995CA-620A-4F34-AE77-9C29A45DF441}.AppStore|x86.Deploy.0 = Release|Any CPU
		{C2F995CA-620A-4F34-AE77-9C29A45DF441}.Debug|Any CPU.ActiveCfg = Debug|Any CPU
		{C2F995CA-620A-4F34-AE77-9C29A45DF441}.Debug|Any CPU.Build.0 = Debug|Any CPU
		{C2F995CA-620A-4F34-AE77-9C29A45DF441}.Debug|Any CPU.Deploy.0 = Debug|Any CPU
		{C2F995CA-620A-4F34-AE77-9C29A45DF441}.Debug|ARM.ActiveCfg = Debug|Any CPU
		{C2F995CA-620A-4F34-AE77-9C29A45DF441}.Debug|ARM.Build.0 = Debug|Any CPU
		{C2F995CA-620A-4F34-AE77-9C29A45DF441}.Debug|ARM.Deploy.0 = Debug|Any CPU
		{C2F995CA-620A-4F34-AE77-9C29A45DF441}.Debug|iPhone.ActiveCfg = Debug|Any CPU
		{C2F995CA-620A-4F34-AE77-9C29A45DF441}.Debug|iPhone.Build.0 = Debug|Any CPU
		{C2F995CA-620A-4F34-AE77-9C29A45DF441}.Debug|iPhone.Deploy.0 = Debug|Any CPU
		{C2F995CA-620A-4F34-AE77-9C29A45DF441}.Debug|iPhoneSimulator.ActiveCfg = Debug|Any CPU
		{C2F995CA-620A-4F34-AE77-9C29A45DF441}.Debug|iPhoneSimulator.Build.0 = Debug|Any CPU
		{C2F995CA-620A-4F34-AE77-9C29A45DF441}.Debug|iPhoneSimulator.Deploy.0 = Debug|Any CPU
		{C2F995CA-620A-4F34-AE77-9C29A45DF441}.Debug|x86.ActiveCfg = Debug|Any CPU
		{C2F995CA-620A-4F34-AE77-9C29A45DF441}.Debug|x86.Build.0 = Debug|Any CPU
		{C2F995CA-620A-4F34-AE77-9C29A45DF441}.Debug|x86.Deploy.0 = Debug|Any CPU
		{C2F995CA-620A-4F34-AE77-9C29A45DF441}.Release|Any CPU.ActiveCfg = Release|Any CPU
		{C2F995CA-620A-4F34-AE77-9C29A45DF441}.Release|Any CPU.Build.0 = Release|Any CPU
		{C2F995CA-620A-4F34-AE77-9C29A45DF441}.Release|Any CPU.Deploy.0 = Release|Any CPU
		{C2F995CA-620A-4F34-AE77-9C29A45DF441}.Release|ARM.ActiveCfg = Release|Any CPU
		{C2F995CA-620A-4F34-AE77-9C29A45DF441}.Release|ARM.Build.0 = Release|Any CPU
		{C2F995CA-620A-4F34-AE77-9C29A45DF441}.Release|ARM.Deploy.0 = Release|Any CPU
		{C2F995CA-620A-4F34-AE77-9C29A45DF441}.Release|iPhone.ActiveCfg = Release|Any CPU
		{C2F995CA-620A-4F34-AE77-9C29A45DF441}.Release|iPhone.Build.0 = Release|Any CPU
		{C2F995CA-620A-4F34-AE77-9C29A45DF441}.Release|iPhone.Deploy.0 = Release|Any CPU
		{C2F995CA-620A-4F34-AE77-9C29A45DF441}.Release|iPhoneSimulator.ActiveCfg = Release|Any CPU
		{C2F995CA-620A-4F34-AE77-9C29A45DF441}.Release|iPhoneSimulator.Build.0 = Release|Any CPU
		{C2F995CA-620A-4F34-AE77-9C29A45DF441}.Release|iPhoneSimulator.Deploy.0 = Release|Any CPU
		{C2F995CA-620A-4F34-AE77-9C29A45DF441}.Release|x86.ActiveCfg = Release|Any CPU
		{C2F995CA-620A-4F34-AE77-9C29A45DF441}.Release|x86.Build.0 = Release|Any CPU
		{C2F995CA-620A-4F34-AE77-9C29A45DF441}.Release|x86.Deploy.0 = Release|Any CPU
		{E36BC9C0-DC9F-45AE-8F06-44C7927C0FFB}.AppStore|Any CPU.ActiveCfg = AppStore|iPhone
		{E36BC9C0-DC9F-45AE-8F06-44C7927C0FFB}.AppStore|ARM.ActiveCfg = AppStore|iPhone
		{E36BC9C0-DC9F-45AE-8F06-44C7927C0FFB}.AppStore|iPhone.ActiveCfg = AppStore|iPhone
		{E36BC9C0-DC9F-45AE-8F06-44C7927C0FFB}.AppStore|iPhone.Build.0 = AppStore|iPhone
		{E36BC9C0-DC9F-45AE-8F06-44C7927C0FFB}.AppStore|iPhoneSimulator.ActiveCfg = AppStore|iPhoneSimulator
		{E36BC9C0-DC9F-45AE-8F06-44C7927C0FFB}.AppStore|iPhoneSimulator.Build.0 = AppStore|iPhoneSimulator
		{E36BC9C0-DC9F-45AE-8F06-44C7927C0FFB}.AppStore|x86.ActiveCfg = AppStore|iPhone
		{E36BC9C0-DC9F-45AE-8F06-44C7927C0FFB}.Debug|Any CPU.ActiveCfg = Debug|iPhone
		{E36BC9C0-DC9F-45AE-8F06-44C7927C0FFB}.Debug|ARM.ActiveCfg = Debug|iPhone
		{E36BC9C0-DC9F-45AE-8F06-44C7927C0FFB}.Debug|iPhone.ActiveCfg = Debug|iPhone
		{E36BC9C0-DC9F-45AE-8F06-44C7927C0FFB}.Debug|iPhone.Build.0 = Debug|iPhone
		{E36BC9C0-DC9F-45AE-8F06-44C7927C0FFB}.Debug|iPhoneSimulator.ActiveCfg = Debug|iPhoneSimulator
		{E36BC9C0-DC9F-45AE-8F06-44C7927C0FFB}.Debug|iPhoneSimulator.Build.0 = Debug|iPhoneSimulator
		{E36BC9C0-DC9F-45AE-8F06-44C7927C0FFB}.Debug|x86.ActiveCfg = Debug|iPhone
		{E36BC9C0-DC9F-45AE-8F06-44C7927C0FFB}.Release|Any CPU.ActiveCfg = Release|iPhone
		{E36BC9C0-DC9F-45AE-8F06-44C7927C0FFB}.Release|ARM.ActiveCfg = Release|iPhone
		{E36BC9C0-DC9F-45AE-8F06-44C7927C0FFB}.Release|iPhone.ActiveCfg = Release|iPhone
		{E36BC9C0-DC9F-45AE-8F06-44C7927C0FFB}.Release|iPhone.Build.0 = Release|iPhone
		{E36BC9C0-DC9F-45AE-8F06-44C7927C0FFB}.Release|iPhoneSimulator.ActiveCfg = Release|iPhoneSimulator
		{E36BC9C0-DC9F-45AE-8F06-44C7927C0FFB}.Release|iPhoneSimulator.Build.0 = Release|iPhoneSimulator
		{E36BC9C0-DC9F-45AE-8F06-44C7927C0FFB}.Release|x86.ActiveCfg = Release|iPhone
		{7FDD8545-05F7-4013-866B-822998B1F152}.AppStore|Any CPU.ActiveCfg = Release|Any CPU
		{7FDD8545-05F7-4013-866B-822998B1F152}.AppStore|Any CPU.Build.0 = Release|Any CPU
		{7FDD8545-05F7-4013-866B-822998B1F152}.AppStore|Any CPU.Deploy.0 = Release|Any CPU
		{7FDD8545-05F7-4013-866B-822998B1F152}.AppStore|ARM.ActiveCfg = Release|ARM
		{7FDD8545-05F7-4013-866B-822998B1F152}.AppStore|ARM.Build.0 = Release|ARM
		{7FDD8545-05F7-4013-866B-822998B1F152}.AppStore|ARM.Deploy.0 = Release|ARM
		{7FDD8545-05F7-4013-866B-822998B1F152}.AppStore|iPhone.ActiveCfg = Release|Any CPU
		{7FDD8545-05F7-4013-866B-822998B1F152}.AppStore|iPhone.Build.0 = Release|Any CPU
		{7FDD8545-05F7-4013-866B-822998B1F152}.AppStore|iPhone.Deploy.0 = Release|Any CPU
		{7FDD8545-05F7-4013-866B-822998B1F152}.AppStore|iPhoneSimulator.ActiveCfg = Release|Any CPU
		{7FDD8545-05F7-4013-866B-822998B1F152}.AppStore|iPhoneSimulator.Build.0 = Release|Any CPU
		{7FDD8545-05F7-4013-866B-822998B1F152}.AppStore|iPhoneSimulator.Deploy.0 = Release|Any CPU
		{7FDD8545-05F7-4013-866B-822998B1F152}.AppStore|x86.ActiveCfg = Release|x86
		{7FDD8545-05F7-4013-866B-822998B1F152}.AppStore|x86.Build.0 = Release|x86
		{7FDD8545-05F7-4013-866B-822998B1F152}.AppStore|x86.Deploy.0 = Release|x86
		{7FDD8545-05F7-4013-866B-822998B1F152}.Debug|Any CPU.ActiveCfg = Debug|Any CPU
		{7FDD8545-05F7-4013-866B-822998B1F152}.Debug|Any CPU.Build.0 = Debug|Any CPU
		{7FDD8545-05F7-4013-866B-822998B1F152}.Debug|Any CPU.Deploy.0 = Debug|Any CPU
		{7FDD8545-05F7-4013-866B-822998B1F152}.Debug|ARM.ActiveCfg = Debug|ARM
		{7FDD8545-05F7-4013-866B-822998B1F152}.Debug|ARM.Build.0 = Debug|ARM
		{7FDD8545-05F7-4013-866B-822998B1F152}.Debug|ARM.Deploy.0 = Debug|ARM
		{7FDD8545-05F7-4013-866B-822998B1F152}.Debug|iPhone.ActiveCfg = Debug|Any CPU
		{7FDD8545-05F7-4013-866B-822998B1F152}.Debug|iPhone.Build.0 = Debug|Any CPU
		{7FDD8545-05F7-4013-866B-822998B1F152}.Debug|iPhone.Deploy.0 = Debug|Any CPU
		{7FDD8545-05F7-4013-866B-822998B1F152}.Debug|iPhoneSimulator.ActiveCfg = Debug|Any CPU
		{7FDD8545-05F7-4013-866B-822998B1F152}.Debug|iPhoneSimulator.Build.0 = Debug|Any CPU
		{7FDD8545-05F7-4013-866B-822998B1F152}.Debug|iPhoneSimulator.Deploy.0 = Debug|Any CPU
		{7FDD8545-05F7-4013-866B-822998B1F152}.Debug|x86.ActiveCfg = Debug|x86
		{7FDD8545-05F7-4013-866B-822998B1F152}.Debug|x86.Build.0 = Debug|x86
		{7FDD8545-05F7-4013-866B-822998B1F152}.Debug|x86.Deploy.0 = Debug|x86
		{7FDD8545-05F7-4013-866B-822998B1F152}.Release|Any CPU.ActiveCfg = Release|Any CPU
		{7FDD8545-05F7-4013-866B-822998B1F152}.Release|Any CPU.Build.0 = Release|Any CPU
		{7FDD8545-05F7-4013-866B-822998B1F152}.Release|Any CPU.Deploy.0 = Release|Any CPU
		{7FDD8545-05F7-4013-866B-822998B1F152}.Release|ARM.ActiveCfg = Release|ARM
		{7FDD8545-05F7-4013-866B-822998B1F152}.Release|ARM.Build.0 = Release|ARM
		{7FDD8545-05F7-4013-866B-822998B1F152}.Release|ARM.Deploy.0 = Release|ARM
		{7FDD8545-05F7-4013-866B-822998B1F152}.Release|iPhone.ActiveCfg = Release|Any CPU
		{7FDD8545-05F7-4013-866B-822998B1F152}.Release|iPhone.Build.0 = Release|Any CPU
		{7FDD8545-05F7-4013-866B-822998B1F152}.Release|iPhone.Deploy.0 = Release|Any CPU
		{7FDD8545-05F7-4013-866B-822998B1F152}.Release|iPhoneSimulator.ActiveCfg = Release|Any CPU
		{7FDD8545-05F7-4013-866B-822998B1F152}.Release|iPhoneSimulator.Build.0 = Release|Any CPU
		{7FDD8545-05F7-4013-866B-822998B1F152}.Release|iPhoneSimulator.Deploy.0 = Release|Any CPU
		{7FDD8545-05F7-4013-866B-822998B1F152}.Release|x86.ActiveCfg = Release|x86
		{7FDD8545-05F7-4013-866B-822998B1F152}.Release|x86.Build.0 = Release|x86
		{7FDD8545-05F7-4013-866B-822998B1F152}.Release|x86.Deploy.0 = Release|x86
		{B0464FAC-900B-477D-AB43-B6CF924A9496}.AppStore|Any CPU.ActiveCfg = Release|Any CPU
		{B0464FAC-900B-477D-AB43-B6CF924A9496}.AppStore|Any CPU.Build.0 = Release|Any CPU
		{B0464FAC-900B-477D-AB43-B6CF924A9496}.AppStore|ARM.ActiveCfg = Release|Any CPU
		{B0464FAC-900B-477D-AB43-B6CF924A9496}.AppStore|ARM.Build.0 = Release|Any CPU
		{B0464FAC-900B-477D-AB43-B6CF924A9496}.AppStore|iPhone.ActiveCfg = Release|Any CPU
		{B0464FAC-900B-477D-AB43-B6CF924A9496}.AppStore|iPhone.Build.0 = Release|Any CPU
		{B0464FAC-900B-477D-AB43-B6CF924A9496}.AppStore|iPhoneSimulator.ActiveCfg = Release|Any CPU
		{B0464FAC-900B-477D-AB43-B6CF924A9496}.AppStore|iPhoneSimulator.Build.0 = Release|Any CPU
		{B0464FAC-900B-477D-AB43-B6CF924A9496}.AppStore|x86.ActiveCfg = Release|Any CPU
		{B0464FAC-900B-477D-AB43-B6CF924A9496}.AppStore|x86.Build.0 = Release|Any CPU
		{B0464FAC-900B-477D-AB43-B6CF924A9496}.Debug|Any CPU.ActiveCfg = Debug|Any CPU
		{B0464FAC-900B-477D-AB43-B6CF924A9496}.Debug|Any CPU.Build.0 = Debug|Any CPU
		{B0464FAC-900B-477D-AB43-B6CF924A9496}.Debug|ARM.ActiveCfg = Debug|Any CPU
		{B0464FAC-900B-477D-AB43-B6CF924A9496}.Debug|ARM.Build.0 = Debug|Any CPU
		{B0464FAC-900B-477D-AB43-B6CF924A9496}.Debug|iPhone.ActiveCfg = Debug|Any CPU
		{B0464FAC-900B-477D-AB43-B6CF924A9496}.Debug|iPhone.Build.0 = Debug|Any CPU
		{B0464FAC-900B-477D-AB43-B6CF924A9496}.Debug|iPhoneSimulator.ActiveCfg = Debug|Any CPU
		{B0464FAC-900B-477D-AB43-B6CF924A9496}.Debug|iPhoneSimulator.Build.0 = Debug|Any CPU
		{B0464FAC-900B-477D-AB43-B6CF924A9496}.Debug|x86.ActiveCfg = Debug|Any CPU
		{B0464FAC-900B-477D-AB43-B6CF924A9496}.Debug|x86.Build.0 = Debug|Any CPU
		{B0464FAC-900B-477D-AB43-B6CF924A9496}.Release|Any CPU.ActiveCfg = Release|Any CPU
		{B0464FAC-900B-477D-AB43-B6CF924A9496}.Release|Any CPU.Build.0 = Release|Any CPU
		{B0464FAC-900B-477D-AB43-B6CF924A9496}.Release|ARM.ActiveCfg = Release|Any CPU
		{B0464FAC-900B-477D-AB43-B6CF924A9496}.Release|ARM.Build.0 = Release|Any CPU
		{B0464FAC-900B-477D-AB43-B6CF924A9496}.Release|iPhone.ActiveCfg = Release|Any CPU
		{B0464FAC-900B-477D-AB43-B6CF924A9496}.Release|iPhone.Build.0 = Release|Any CPU
		{B0464FAC-900B-477D-AB43-B6CF924A9496}.Release|iPhoneSimulator.ActiveCfg = Release|Any CPU
		{B0464FAC-900B-477D-AB43-B6CF924A9496}.Release|iPhoneSimulator.Build.0 = Release|Any CPU
		{B0464FAC-900B-477D-AB43-B6CF924A9496}.Release|x86.ActiveCfg = Release|Any CPU
		{B0464FAC-900B-477D-AB43-B6CF924A9496}.Release|x86.Build.0 = Release|Any CPU
		{68DC6662-300B-42D2-A324-C68F739FEBC9}.AppStore|Any CPU.ActiveCfg = Release|Any CPU
		{68DC6662-300B-42D2-A324-C68F739FEBC9}.AppStore|Any CPU.Build.0 = Release|Any CPU
		{68DC6662-300B-42D2-A324-C68F739FEBC9}.AppStore|ARM.ActiveCfg = Release|Any CPU
		{68DC6662-300B-42D2-A324-C68F739FEBC9}.AppStore|ARM.Build.0 = Release|Any CPU
		{68DC6662-300B-42D2-A324-C68F739FEBC9}.AppStore|iPhone.ActiveCfg = Release|Any CPU
		{68DC6662-300B-42D2-A324-C68F739FEBC9}.AppStore|iPhone.Build.0 = Release|Any CPU
		{68DC6662-300B-42D2-A324-C68F739FEBC9}.AppStore|iPhoneSimulator.ActiveCfg = Release|Any CPU
		{68DC6662-300B-42D2-A324-C68F739FEBC9}.AppStore|iPhoneSimulator.Build.0 = Release|Any CPU
		{68DC6662-300B-42D2-A324-C68F739FEBC9}.AppStore|x86.ActiveCfg = Release|Any CPU
		{68DC6662-300B-42D2-A324-C68F739FEBC9}.AppStore|x86.Build.0 = Release|Any CPU
		{68DC6662-300B-42D2-A324-C68F739FEBC9}.Debug|Any CPU.ActiveCfg = Debug|Any CPU
		{68DC6662-300B-42D2-A324-C68F739FEBC9}.Debug|Any CPU.Build.0 = Debug|Any CPU
		{68DC6662-300B-42D2-A324-C68F739FEBC9}.Debug|ARM.ActiveCfg = Debug|Any CPU
		{68DC6662-300B-42D2-A324-C68F739FEBC9}.Debug|ARM.Build.0 = Debug|Any CPU
		{68DC6662-300B-42D2-A324-C68F739FEBC9}.Debug|iPhone.ActiveCfg = Debug|Any CPU
		{68DC6662-300B-42D2-A324-C68F739FEBC9}.Debug|iPhone.Build.0 = Debug|Any CPU
		{68DC6662-300B-42D2-A324-C68F739FEBC9}.Debug|iPhoneSimulator.ActiveCfg = Debug|Any CPU
		{68DC6662-300B-42D2-A324-C68F739FEBC9}.Debug|iPhoneSimulator.Build.0 = Debug|Any CPU
		{68DC6662-300B-42D2-A324-C68F739FEBC9}.Debug|x86.ActiveCfg = Debug|Any CPU
		{68DC6662-300B-42D2-A324-C68F739FEBC9}.Debug|x86.Build.0 = Debug|Any CPU
		{68DC6662-300B-42D2-A324-C68F739FEBC9}.Release|Any CPU.ActiveCfg = Release|Any CPU
		{68DC6662-300B-42D2-A324-C68F739FEBC9}.Release|Any CPU.Build.0 = Release|Any CPU
		{68DC6662-300B-42D2-A324-C68F739FEBC9}.Release|ARM.ActiveCfg = Release|Any CPU
		{68DC6662-300B-42D2-A324-C68F739FEBC9}.Release|ARM.Build.0 = Release|Any CPU
		{68DC6662-300B-42D2-A324-C68F739FEBC9}.Release|iPhone.ActiveCfg = Release|Any CPU
		{68DC6662-300B-42D2-A324-C68F739FEBC9}.Release|iPhone.Build.0 = Release|Any CPU
		{68DC6662-300B-42D2-A324-C68F739FEBC9}.Release|iPhoneSimulator.ActiveCfg = Release|Any CPU
		{68DC6662-300B-42D2-A324-C68F739FEBC9}.Release|iPhoneSimulator.Build.0 = Release|Any CPU
		{68DC6662-300B-42D2-A324-C68F739FEBC9}.Release|x86.ActiveCfg = Release|Any CPU
		{68DC6662-300B-42D2-A324-C68F739FEBC9}.Release|x86.Build.0 = Release|Any CPU
	EndGlobalSection
	GlobalSection(SolutionProperties) = preSolution
		HideSolutionNode = FALSE
	EndGlobalSection
EndGlobal
