
Microsoft Visual Studio Solution File, Format Version 12.00
# Visual Studio 14
VisualStudioVersion = 14.0.25123.0
MinimumVisualStudioVersion = 10.0.40219.1
Project("{FAE04EC0-301F-11D3-BF4B-00C04F79EFBC}") = "XamarinMovies.Droid", "XamarinMovies\XamarinMovies.Droid\XamarinMovies.Droid.csproj", "{C2F995CA-620A-4F34-AE77-9C29A45DF441}"
EndProject
Project("{FAE04EC0-301F-11D3-BF4B-00C04F79EFBC}") = "XamarinMovies.iOS", "XamarinMovies\XamarinMovies.iOS\XamarinMovies.iOS.csproj", "{E36BC9C0-DC9F-45AE-8F06-44C7927C0FFB}"
EndProject
Project("{FAE04EC0-301F-11D3-BF4B-00C04F79EFBC}") = "XamarinMovies.WinPhone", "XamarinMovies\XamarinMovies.WinPhone\XamarinMovies.WinPhone.csproj", "{7FDD8545-05F7-4013-866B-822998B1F152}"
EndProject
Project("{FAE04EC0-301F-11D3-BF4B-00C04F79EFBC}") = "XamarinMovies.Common", "XamarinMovies\XamarinMovies\XamarinMovies.Common.csproj", "{B0464FAC-900B-477D-AB43-B6CF924A9496}"
EndProject
Project("{FAE04EC0-301F-11D3-BF4B-00C04F79EFBC}") = "XamarinMovies.Contracts", "XamarinMovies\XamarinMovies.Contracts\XamarinMovies.Contracts.csproj", "{68DC6662-300B-42D2-A324-C68F739FEBC9}"
EndProject
Project("{2150E333-8FDC-42A3-9474-1A3956D46DE8}") = "3rdParty", "3rdParty", "{2E6CBB2A-CABE-48C5-AC9E-28C8DBE30567}"
EndProject
Project("{FAE04EC0-301F-11D3-BF4B-00C04F79EFBC}") = "Picasso", "XamarinMovies\Picasso\Picasso.csproj", "{FA2327E3-2AC3-40E4-B508-C89E84E4F15E}"
EndProject
Project("{FAE04EC0-301F-11D3-BF4B-00C04F79EFBC}") = "MaterialDialogs", "XamarinMovies\MaterialDialogs\MaterialDialogs.csproj", "{F8BEFCCA-7320-493E-84DE-7F2108A6C9E5}"
EndProject
Global
	GlobalSection(SolutionConfigurationPlatforms) = preSolution
		Android|Any CPU = Android|Any CPU
		Android|ARM = Android|ARM
		Android|iPhone = Android|iPhone
		Android|iPhoneSimulator = Android|iPhoneSimulator
		Android|x86 = Android|x86
		AppStore|Any CPU = AppStore|Any CPU
		AppStore|ARM = AppStore|ARM
		AppStore|iPhone = AppStore|iPhone
		AppStore|iPhoneSimulator = AppStore|iPhoneSimulator
		AppStore|x86 = AppStore|x86
		Debug|Any CPU = Debug|Any CPU
		Debug|ARM = Debug|ARM
		Debug|iPhone = Debug|iPhone
		Debug|iPhoneSimulator = Debug|iPhoneSimulator
		Debug|x86 = Debug|x86
		QA|Any CPU = QA|Any CPU
		QA|ARM = QA|ARM
		QA|iPhone = QA|iPhone
		QA|iPhoneSimulator = QA|iPhoneSimulator
		QA|x86 = QA|x86
		Release|Any CPU = Release|Any CPU
		Release|ARM = Release|ARM
		Release|iPhone = Release|iPhone
		Release|iPhoneSimulator = Release|iPhoneSimulator
		Release|x86 = Release|x86
	EndGlobalSection
	GlobalSection(ProjectConfigurationPlatforms) = postSolution
		{C2F995CA-620A-4F34-AE77-9C29A45DF441}.Android|Any CPU.ActiveCfg = Debug|Any CPU
		{C2F995CA-620A-4F34-AE77-9C29A45DF441}.Android|Any CPU.Build.0 = Debug|Any CPU
		{C2F995CA-620A-4F34-AE77-9C29A45DF441}.Android|Any CPU.Deploy.0 = Debug|Any CPU
		{C2F995CA-620A-4F34-AE77-9C29A45DF441}.Android|ARM.ActiveCfg = Debug|Any CPU
		{C2F995CA-620A-4F34-AE77-9C29A45DF441}.Android|ARM.Build.0 = Debug|Any CPU
		{C2F995CA-620A-4F34-AE77-9C29A45DF441}.Android|ARM.Deploy.0 = Debug|Any CPU
		{C2F995CA-620A-4F34-AE77-9C29A45DF441}.Android|iPhone.ActiveCfg = Debug|Any CPU
		{C2F995CA-620A-4F34-AE77-9C29A45DF441}.Android|iPhone.Build.0 = Debug|Any CPU
		{C2F995CA-620A-4F34-AE77-9C29A45DF441}.Android|iPhone.Deploy.0 = Debug|Any CPU
		{C2F995CA-620A-4F34-AE77-9C29A45DF441}.Android|iPhoneSimulator.ActiveCfg = Debug|Any CPU
		{C2F995CA-620A-4F34-AE77-9C29A45DF441}.Android|iPhoneSimulator.Build.0 = Debug|Any CPU
		{C2F995CA-620A-4F34-AE77-9C29A45DF441}.Android|iPhoneSimulator.Deploy.0 = Debug|Any CPU
		{C2F995CA-620A-4F34-AE77-9C29A45DF441}.Android|x86.ActiveCfg = Debug|Any CPU
		{C2F995CA-620A-4F34-AE77-9C29A45DF441}.Android|x86.Build.0 = Debug|Any CPU
		{C2F995CA-620A-4F34-AE77-9C29A45DF441}.Android|x86.Deploy.0 = Debug|Any CPU
		{C2F995CA-620A-4F34-AE77-9C29A45DF441}.AppStore|Any CPU.ActiveCfg = Release|Any CPU
		{C2F995CA-620A-4F34-AE77-9C29A45DF441}.AppStore|Any CPU.Build.0 = Release|Any CPU
		{C2F995CA-620A-4F34-AE77-9C29A45DF441}.AppStore|Any CPU.Deploy.0 = Release|Any CPU
		{C2F995CA-620A-4F34-AE77-9C29A45DF441}.AppStore|ARM.ActiveCfg = Release|Any CPU
		{C2F995CA-620A-4F34-AE77-9C29A45DF441}.AppStore|ARM.Build.0 = Release|Any CPU
		{C2F995CA-620A-4F34-AE77-9C29A45DF441}.AppStore|ARM.Deploy.0 = Release|Any CPU
		{C2F995CA-620A-4F34-AE77-9C29A45DF441}.AppStore|iPhone.ActiveCfg = Release|Any CPU
		{C2F995CA-620A-4F34-AE77-9C29A45DF441}.AppStore|iPhone.Build.0 = Release|Any CPU
		{C2F995CA-620A-4F34-AE77-9C29A45DF441}.AppStore|iPhone.Deploy.0 = Release|Any CPU
		{C2F995CA-620A-4F34-AE77-9C29A45DF441}.AppStore|iPhoneSimulator.ActiveCfg = Release|Any CPU
		{C2F995CA-620A-4F34-AE77-9C29A45DF441}.AppStore|iPhoneSimulator.Build.0 = Release|Any CPU
		{C2F995CA-620A-4F34-AE77-9C29A45DF441}.AppStore|iPhoneSimulator.Deploy.0 = Release|Any CPU
		{C2F995CA-620A-4F34-AE77-9C29A45DF441}.AppStore|x86.ActiveCfg = Release|Any CPU
		{C2F995CA-620A-4F34-AE77-9C29A45DF441}.AppStore|x86.Build.0 = Release|Any CPU
		{C2F995CA-620A-4F34-AE77-9C29A45DF441}.AppStore|x86.Deploy.0 = Release|Any CPU
		{C2F995CA-620A-4F34-AE77-9C29A45DF441}.Debug|Any CPU.ActiveCfg = Debug|Any CPU
		{C2F995CA-620A-4F34-AE77-9C29A45DF441}.Debug|Any CPU.Build.0 = Debug|Any CPU
		{C2F995CA-620A-4F34-AE77-9C29A45DF441}.Debug|Any CPU.Deploy.0 = Debug|Any CPU
		{C2F995CA-620A-4F34-AE77-9C29A45DF441}.Debug|ARM.ActiveCfg = Debug|Any CPU
		{C2F995CA-620A-4F34-AE77-9C29A45DF441}.Debug|ARM.Build.0 = Debug|Any CPU
		{C2F995CA-620A-4F34-AE77-9C29A45DF441}.Debug|ARM.Deploy.0 = Debug|Any CPU
		{C2F995CA-620A-4F34-AE77-9C29A45DF441}.Debug|iPhone.ActiveCfg = Debug|Any CPU
		{C2F995CA-620A-4F34-AE77-9C29A45DF441}.Debug|iPhone.Build.0 = Debug|Any CPU
		{C2F995CA-620A-4F34-AE77-9C29A45DF441}.Debug|iPhone.Deploy.0 = Debug|Any CPU
		{C2F995CA-620A-4F34-AE77-9C29A45DF441}.Debug|iPhoneSimulator.ActiveCfg = Debug|Any CPU
		{C2F995CA-620A-4F34-AE77-9C29A45DF441}.Debug|iPhoneSimulator.Build.0 = Debug|Any CPU
		{C2F995CA-620A-4F34-AE77-9C29A45DF441}.Debug|iPhoneSimulator.Deploy.0 = Debug|Any CPU
		{C2F995CA-620A-4F34-AE77-9C29A45DF441}.Debug|x86.ActiveCfg = Debug|Any CPU
		{C2F995CA-620A-4F34-AE77-9C29A45DF441}.Debug|x86.Build.0 = Debug|Any CPU
		{C2F995CA-620A-4F34-AE77-9C29A45DF441}.Debug|x86.Deploy.0 = Debug|Any CPU
		{C2F995CA-620A-4F34-AE77-9C29A45DF441}.QA|Any CPU.ActiveCfg = Debug|Any CPU
		{C2F995CA-620A-4F34-AE77-9C29A45DF441}.QA|Any CPU.Build.0 = Debug|Any CPU
		{C2F995CA-620A-4F34-AE77-9C29A45DF441}.QA|Any CPU.Deploy.0 = Debug|Any CPU
		{C2F995CA-620A-4F34-AE77-9C29A45DF441}.QA|ARM.ActiveCfg = Debug|Any CPU
		{C2F995CA-620A-4F34-AE77-9C29A45DF441}.QA|ARM.Build.0 = Debug|Any CPU
		{C2F995CA-620A-4F34-AE77-9C29A45DF441}.QA|ARM.Deploy.0 = Debug|Any CPU
		{C2F995CA-620A-4F34-AE77-9C29A45DF441}.QA|iPhone.ActiveCfg = Debug|Any CPU
		{C2F995CA-620A-4F34-AE77-9C29A45DF441}.QA|iPhone.Build.0 = Debug|Any CPU
		{C2F995CA-620A-4F34-AE77-9C29A45DF441}.QA|iPhone.Deploy.0 = Debug|Any CPU
		{C2F995CA-620A-4F34-AE77-9C29A45DF441}.QA|iPhoneSimulator.ActiveCfg = Debug|Any CPU
		{C2F995CA-620A-4F34-AE77-9C29A45DF441}.QA|iPhoneSimulator.Build.0 = Debug|Any CPU
		{C2F995CA-620A-4F34-AE77-9C29A45DF441}.QA|iPhoneSimulator.Deploy.0 = Debug|Any CPU
		{C2F995CA-620A-4F34-AE77-9C29A45DF441}.QA|x86.ActiveCfg = Debug|Any CPU
		{C2F995CA-620A-4F34-AE77-9C29A45DF441}.QA|x86.Build.0 = Debug|Any CPU
		{C2F995CA-620A-4F34-AE77-9C29A45DF441}.QA|x86.Deploy.0 = Debug|Any CPU
		{C2F995CA-620A-4F34-AE77-9C29A45DF441}.Release|Any CPU.ActiveCfg = Release|Any CPU
		{C2F995CA-620A-4F34-AE77-9C29A45DF441}.Release|Any CPU.Build.0 = Release|Any CPU
		{C2F995CA-620A-4F34-AE77-9C29A45DF441}.Release|Any CPU.Deploy.0 = Release|Any CPU
		{C2F995CA-620A-4F34-AE77-9C29A45DF441}.Release|ARM.ActiveCfg = Release|Any CPU
		{C2F995CA-620A-4F34-AE77-9C29A45DF441}.Release|ARM.Build.0 = Release|Any CPU
		{C2F995CA-620A-4F34-AE77-9C29A45DF441}.Release|ARM.Deploy.0 = Release|Any CPU
		{C2F995CA-620A-4F34-AE77-9C29A45DF441}.Release|iPhone.ActiveCfg = Release|Any CPU
		{C2F995CA-620A-4F34-AE77-9C29A45DF441}.Release|iPhone.Build.0 = Release|Any CPU
		{C2F995CA-620A-4F34-AE77-9C29A45DF441}.Release|iPhone.Deploy.0 = Release|Any CPU
		{C2F995CA-620A-4F34-AE77-9C29A45DF441}.Release|iPhoneSimulator.ActiveCfg = Release|Any CPU
		{C2F995CA-620A-4F34-AE77-9C29A45DF441}.Release|iPhoneSimulator.Build.0 = Release|Any CPU
		{C2F995CA-620A-4F34-AE77-9C29A45DF441}.Release|iPhoneSimulator.Deploy.0 = Release|Any CPU
		{C2F995CA-620A-4F34-AE77-9C29A45DF441}.Release|x86.ActiveCfg = Release|Any CPU
		{C2F995CA-620A-4F34-AE77-9C29A45DF441}.Release|x86.Build.0 = Release|Any CPU
		{C2F995CA-620A-4F34-AE77-9C29A45DF441}.Release|x86.Deploy.0 = Release|Any CPU
		{E36BC9C0-DC9F-45AE-8F06-44C7927C0FFB}.Android|Any CPU.ActiveCfg = Release|iPhoneSimulator
		{E36BC9C0-DC9F-45AE-8F06-44C7927C0FFB}.Android|ARM.ActiveCfg = Release|iPhoneSimulator
		{E36BC9C0-DC9F-45AE-8F06-44C7927C0FFB}.Android|iPhone.ActiveCfg = AppStore|iPhone
		{E36BC9C0-DC9F-45AE-8F06-44C7927C0FFB}.Android|iPhoneSimulator.ActiveCfg = AppStore|iPhoneSimulator
		{E36BC9C0-DC9F-45AE-8F06-44C7927C0FFB}.Android|x86.ActiveCfg = Release|iPhoneSimulator
		{E36BC9C0-DC9F-45AE-8F06-44C7927C0FFB}.AppStore|Any CPU.ActiveCfg = AppStore|iPhone
		{E36BC9C0-DC9F-45AE-8F06-44C7927C0FFB}.AppStore|ARM.ActiveCfg = AppStore|iPhone
		{E36BC9C0-DC9F-45AE-8F06-44C7927C0FFB}.AppStore|iPhone.ActiveCfg = AppStore|iPhone
		{E36BC9C0-DC9F-45AE-8F06-44C7927C0FFB}.AppStore|iPhone.Build.0 = AppStore|iPhone
		{E36BC9C0-DC9F-45AE-8F06-44C7927C0FFB}.AppStore|iPhoneSimulator.ActiveCfg = AppStore|iPhoneSimulator
		{E36BC9C0-DC9F-45AE-8F06-44C7927C0FFB}.AppStore|iPhoneSimulator.Build.0 = AppStore|iPhoneSimulator
		{E36BC9C0-DC9F-45AE-8F06-44C7927C0FFB}.AppStore|x86.ActiveCfg = AppStore|iPhone
		{E36BC9C0-DC9F-45AE-8F06-44C7927C0FFB}.Debug|Any CPU.ActiveCfg = Debug|iPhone
		{E36BC9C0-DC9F-45AE-8F06-44C7927C0FFB}.Debug|ARM.ActiveCfg = Debug|iPhone
		{E36BC9C0-DC9F-45AE-8F06-44C7927C0FFB}.Debug|iPhone.ActiveCfg = Debug|iPhone
		{E36BC9C0-DC9F-45AE-8F06-44C7927C0FFB}.Debug|iPhone.Build.0 = Debug|iPhone
		{E36BC9C0-DC9F-45AE-8F06-44C7927C0FFB}.Debug|iPhoneSimulator.ActiveCfg = Debug|iPhoneSimulator
		{E36BC9C0-DC9F-45AE-8F06-44C7927C0FFB}.Debug|iPhoneSimulator.Build.0 = Debug|iPhoneSimulator
		{E36BC9C0-DC9F-45AE-8F06-44C7927C0FFB}.Debug|x86.ActiveCfg = Debug|iPhone
		{E36BC9C0-DC9F-45AE-8F06-44C7927C0FFB}.QA|Any CPU.ActiveCfg = Release|iPhoneSimulator
		{E36BC9C0-DC9F-45AE-8F06-44C7927C0FFB}.QA|ARM.ActiveCfg = Release|iPhoneSimulator
		{E36BC9C0-DC9F-45AE-8F06-44C7927C0FFB}.QA|iPhone.ActiveCfg = Release|iPhone
		{E36BC9C0-DC9F-45AE-8F06-44C7927C0FFB}.QA|iPhoneSimulator.ActiveCfg = Release|iPhoneSimulator
		{E36BC9C0-DC9F-45AE-8F06-44C7927C0FFB}.QA|x86.ActiveCfg = Release|iPhoneSimulator
		{E36BC9C0-DC9F-45AE-8F06-44C7927C0FFB}.Release|Any CPU.ActiveCfg = Release|iPhone
		{E36BC9C0-DC9F-45AE-8F06-44C7927C0FFB}.Release|ARM.ActiveCfg = Release|iPhone
		{E36BC9C0-DC9F-45AE-8F06-44C7927C0FFB}.Release|iPhone.ActiveCfg = Release|iPhone
		{E36BC9C0-DC9F-45AE-8F06-44C7927C0FFB}.Release|iPhone.Build.0 = Release|iPhone
		{E36BC9C0-DC9F-45AE-8F06-44C7927C0FFB}.Release|iPhoneSimulator.ActiveCfg = Release|iPhoneSimulator
		{E36BC9C0-DC9F-45AE-8F06-44C7927C0FFB}.Release|iPhoneSimulator.Build.0 = Release|iPhoneSimulator
		{E36BC9C0-DC9F-45AE-8F06-44C7927C0FFB}.Release|x86.ActiveCfg = Release|iPhone
		{7FDD8545-05F7-4013-866B-822998B1F152}.Android|Any CPU.ActiveCfg = Debug|Any CPU
		{7FDD8545-05F7-4013-866B-822998B1F152}.Android|ARM.ActiveCfg = Debug|ARM
		{7FDD8545-05F7-4013-866B-822998B1F152}.Android|iPhone.ActiveCfg = Debug|Any CPU
		{7FDD8545-05F7-4013-866B-822998B1F152}.Android|iPhoneSimulator.ActiveCfg = Debug|Any CPU
		{7FDD8545-05F7-4013-866B-822998B1F152}.Android|x86.ActiveCfg = Debug|x86
		{7FDD8545-05F7-4013-866B-822998B1F152}.AppStore|Any CPU.ActiveCfg = Release|Any CPU
		{7FDD8545-05F7-4013-866B-822998B1F152}.AppStore|Any CPU.Build.0 = Release|Any CPU
		{7FDD8545-05F7-4013-866B-822998B1F152}.AppStore|Any CPU.Deploy.0 = Release|Any CPU
		{7FDD8545-05F7-4013-866B-822998B1F152}.AppStore|ARM.ActiveCfg = Release|ARM
		{7FDD8545-05F7-4013-866B-822998B1F152}.AppStore|ARM.Build.0 = Release|ARM
		{7FDD8545-05F7-4013-866B-822998B1F152}.AppStore|ARM.Deploy.0 = Release|ARM
		{7FDD8545-05F7-4013-866B-822998B1F152}.AppStore|iPhone.ActiveCfg = Release|Any CPU
		{7FDD8545-05F7-4013-866B-822998B1F152}.AppStore|iPhone.Build.0 = Release|Any CPU
		{7FDD8545-05F7-4013-866B-822998B1F152}.AppStore|iPhone.Deploy.0 = Release|Any CPU
		{7FDD8545-05F7-4013-866B-822998B1F152}.AppStore|iPhoneSimulator.ActiveCfg = Release|Any CPU
		{7FDD8545-05F7-4013-866B-822998B1F152}.AppStore|iPhoneSimulator.Build.0 = Release|Any CPU
		{7FDD8545-05F7-4013-866B-822998B1F152}.AppStore|iPhoneSimulator.Deploy.0 = Release|Any CPU
		{7FDD8545-05F7-4013-866B-822998B1F152}.AppStore|x86.ActiveCfg = Release|x86
		{7FDD8545-05F7-4013-866B-822998B1F152}.AppStore|x86.Build.0 = Release|x86
		{7FDD8545-05F7-4013-866B-822998B1F152}.AppStore|x86.Deploy.0 = Release|x86
		{7FDD8545-05F7-4013-866B-822998B1F152}.Debug|Any CPU.ActiveCfg = Debug|Any CPU
		{7FDD8545-05F7-4013-866B-822998B1F152}.Debug|Any CPU.Build.0 = Debug|Any CPU
		{7FDD8545-05F7-4013-866B-822998B1F152}.Debug|Any CPU.Deploy.0 = Debug|Any CPU
		{7FDD8545-05F7-4013-866B-822998B1F152}.Debug|ARM.ActiveCfg = Debug|ARM
		{7FDD8545-05F7-4013-866B-822998B1F152}.Debug|ARM.Build.0 = Debug|ARM
		{7FDD8545-05F7-4013-866B-822998B1F152}.Debug|ARM.Deploy.0 = Debug|ARM
		{7FDD8545-05F7-4013-866B-822998B1F152}.Debug|iPhone.ActiveCfg = Debug|Any CPU
		{7FDD8545-05F7-4013-866B-822998B1F152}.Debug|iPhone.Build.0 = Debug|Any CPU
		{7FDD8545-05F7-4013-866B-822998B1F152}.Debug|iPhone.Deploy.0 = Debug|Any CPU
		{7FDD8545-05F7-4013-866B-822998B1F152}.Debug|iPhoneSimulator.ActiveCfg = Debug|Any CPU
		{7FDD8545-05F7-4013-866B-822998B1F152}.Debug|iPhoneSimulator.Build.0 = Debug|Any CPU
		{7FDD8545-05F7-4013-866B-822998B1F152}.Debug|iPhoneSimulator.Deploy.0 = Debug|Any CPU
		{7FDD8545-05F7-4013-866B-822998B1F152}.Debug|x86.ActiveCfg = Debug|x86
		{7FDD8545-05F7-4013-866B-822998B1F152}.Debug|x86.Build.0 = Debug|x86
		{7FDD8545-05F7-4013-866B-822998B1F152}.Debug|x86.Deploy.0 = Debug|x86
		{7FDD8545-05F7-4013-866B-822998B1F152}.QA|Any CPU.ActiveCfg = Debug|Any CPU
		{7FDD8545-05F7-4013-866B-822998B1F152}.QA|ARM.ActiveCfg = Debug|ARM
		{7FDD8545-05F7-4013-866B-822998B1F152}.QA|iPhone.ActiveCfg = Debug|Any CPU
		{7FDD8545-05F7-4013-866B-822998B1F152}.QA|iPhoneSimulator.ActiveCfg = Debug|Any CPU
		{7FDD8545-05F7-4013-866B-822998B1F152}.QA|x86.ActiveCfg = Debug|x86
		{7FDD8545-05F7-4013-866B-822998B1F152}.Release|Any CPU.ActiveCfg = Release|Any CPU
		{7FDD8545-05F7-4013-866B-822998B1F152}.Release|Any CPU.Build.0 = Release|Any CPU
		{7FDD8545-05F7-4013-866B-822998B1F152}.Release|Any CPU.Deploy.0 = Release|Any CPU
		{7FDD8545-05F7-4013-866B-822998B1F152}.Release|ARM.ActiveCfg = Release|ARM
		{7FDD8545-05F7-4013-866B-822998B1F152}.Release|ARM.Build.0 = Release|ARM
		{7FDD8545-05F7-4013-866B-822998B1F152}.Release|ARM.Deploy.0 = Release|ARM
		{7FDD8545-05F7-4013-866B-822998B1F152}.Release|iPhone.ActiveCfg = Release|Any CPU
		{7FDD8545-05F7-4013-866B-822998B1F152}.Release|iPhone.Build.0 = Release|Any CPU
		{7FDD8545-05F7-4013-866B-822998B1F152}.Release|iPhone.Deploy.0 = Release|Any CPU
		{7FDD8545-05F7-4013-866B-822998B1F152}.Release|iPhoneSimulator.ActiveCfg = Release|Any CPU
		{7FDD8545-05F7-4013-866B-822998B1F152}.Release|iPhoneSimulator.Build.0 = Release|Any CPU
		{7FDD8545-05F7-4013-866B-822998B1F152}.Release|iPhoneSimulator.Deploy.0 = Release|Any CPU
		{7FDD8545-05F7-4013-866B-822998B1F152}.Release|x86.ActiveCfg = Release|x86
		{7FDD8545-05F7-4013-866B-822998B1F152}.Release|x86.Build.0 = Release|x86
		{7FDD8545-05F7-4013-866B-822998B1F152}.Release|x86.Deploy.0 = Release|x86
		{B0464FAC-900B-477D-AB43-B6CF924A9496}.Android|Any CPU.ActiveCfg = Debug|Any CPU
		{B0464FAC-900B-477D-AB43-B6CF924A9496}.Android|Any CPU.Build.0 = Debug|Any CPU
		{B0464FAC-900B-477D-AB43-B6CF924A9496}.Android|ARM.ActiveCfg = Debug|Any CPU
		{B0464FAC-900B-477D-AB43-B6CF924A9496}.Android|ARM.Build.0 = Debug|Any CPU
		{B0464FAC-900B-477D-AB43-B6CF924A9496}.Android|iPhone.ActiveCfg = Debug|Any CPU
		{B0464FAC-900B-477D-AB43-B6CF924A9496}.Android|iPhone.Build.0 = Debug|Any CPU
		{B0464FAC-900B-477D-AB43-B6CF924A9496}.Android|iPhoneSimulator.ActiveCfg = Debug|Any CPU
		{B0464FAC-900B-477D-AB43-B6CF924A9496}.Android|iPhoneSimulator.Build.0 = Debug|Any CPU
		{B0464FAC-900B-477D-AB43-B6CF924A9496}.Android|x86.ActiveCfg = Debug|Any CPU
		{B0464FAC-900B-477D-AB43-B6CF924A9496}.Android|x86.Build.0 = Debug|Any CPU
		{B0464FAC-900B-477D-AB43-B6CF924A9496}.AppStore|Any CPU.ActiveCfg = Release|Any CPU
		{B0464FAC-900B-477D-AB43-B6CF924A9496}.AppStore|Any CPU.Build.0 = Release|Any CPU
		{B0464FAC-900B-477D-AB43-B6CF924A9496}.AppStore|ARM.ActiveCfg = Release|Any CPU
		{B0464FAC-900B-477D-AB43-B6CF924A9496}.AppStore|ARM.Build.0 = Release|Any CPU
		{B0464FAC-900B-477D-AB43-B6CF924A9496}.AppStore|iPhone.ActiveCfg = Release|Any CPU
		{B0464FAC-900B-477D-AB43-B6CF924A9496}.AppStore|iPhone.Build.0 = Release|Any CPU
		{B0464FAC-900B-477D-AB43-B6CF924A9496}.AppStore|iPhoneSimulator.ActiveCfg = Release|Any CPU
		{B0464FAC-900B-477D-AB43-B6CF924A9496}.AppStore|iPhoneSimulator.Build.0 = Release|Any CPU
		{B0464FAC-900B-477D-AB43-B6CF924A9496}.AppStore|x86.ActiveCfg = Release|Any CPU
		{B0464FAC-900B-477D-AB43-B6CF924A9496}.AppStore|x86.Build.0 = Release|Any CPU
		{B0464FAC-900B-477D-AB43-B6CF924A9496}.Debug|Any CPU.ActiveCfg = Debug|Any CPU
		{B0464FAC-900B-477D-AB43-B6CF924A9496}.Debug|Any CPU.Build.0 = Debug|Any CPU
		{B0464FAC-900B-477D-AB43-B6CF924A9496}.Debug|ARM.ActiveCfg = Debug|Any CPU
		{B0464FAC-900B-477D-AB43-B6CF924A9496}.Debug|ARM.Build.0 = Debug|Any CPU
		{B0464FAC-900B-477D-AB43-B6CF924A9496}.Debug|iPhone.ActiveCfg = Debug|Any CPU
		{B0464FAC-900B-477D-AB43-B6CF924A9496}.Debug|iPhone.Build.0 = Debug|Any CPU
		{B0464FAC-900B-477D-AB43-B6CF924A9496}.Debug|iPhoneSimulator.ActiveCfg = Debug|Any CPU
		{B0464FAC-900B-477D-AB43-B6CF924A9496}.Debug|iPhoneSimulator.Build.0 = Debug|Any CPU
		{B0464FAC-900B-477D-AB43-B6CF924A9496}.Debug|x86.ActiveCfg = Debug|Any CPU
		{B0464FAC-900B-477D-AB43-B6CF924A9496}.Debug|x86.Build.0 = Debug|Any CPU
		{B0464FAC-900B-477D-AB43-B6CF924A9496}.QA|Any CPU.ActiveCfg = Debug|Any CPU
		{B0464FAC-900B-477D-AB43-B6CF924A9496}.QA|Any CPU.Build.0 = Debug|Any CPU
		{B0464FAC-900B-477D-AB43-B6CF924A9496}.QA|ARM.ActiveCfg = Debug|Any CPU
		{B0464FAC-900B-477D-AB43-B6CF924A9496}.QA|ARM.Build.0 = Debug|Any CPU
		{B0464FAC-900B-477D-AB43-B6CF924A9496}.QA|iPhone.ActiveCfg = Debug|Any CPU
		{B0464FAC-900B-477D-AB43-B6CF924A9496}.QA|iPhone.Build.0 = Debug|Any CPU
		{B0464FAC-900B-477D-AB43-B6CF924A9496}.QA|iPhoneSimulator.ActiveCfg = Debug|Any CPU
		{B0464FAC-900B-477D-AB43-B6CF924A9496}.QA|iPhoneSimulator.Build.0 = Debug|Any CPU
		{B0464FAC-900B-477D-AB43-B6CF924A9496}.QA|x86.ActiveCfg = Debug|Any CPU
		{B0464FAC-900B-477D-AB43-B6CF924A9496}.QA|x86.Build.0 = Debug|Any CPU
		{B0464FAC-900B-477D-AB43-B6CF924A9496}.Release|Any CPU.ActiveCfg = Release|Any CPU
		{B0464FAC-900B-477D-AB43-B6CF924A9496}.Release|Any CPU.Build.0 = Release|Any CPU
		{B0464FAC-900B-477D-AB43-B6CF924A9496}.Release|ARM.ActiveCfg = Release|Any CPU
		{B0464FAC-900B-477D-AB43-B6CF924A9496}.Release|ARM.Build.0 = Release|Any CPU
		{B0464FAC-900B-477D-AB43-B6CF924A9496}.Release|iPhone.ActiveCfg = Release|Any CPU
		{B0464FAC-900B-477D-AB43-B6CF924A9496}.Release|iPhone.Build.0 = Release|Any CPU
		{B0464FAC-900B-477D-AB43-B6CF924A9496}.Release|iPhoneSimulator.ActiveCfg = Release|Any CPU
		{B0464FAC-900B-477D-AB43-B6CF924A9496}.Release|iPhoneSimulator.Build.0 = Release|Any CPU
		{B0464FAC-900B-477D-AB43-B6CF924A9496}.Release|x86.ActiveCfg = Release|Any CPU
		{B0464FAC-900B-477D-AB43-B6CF924A9496}.Release|x86.Build.0 = Release|Any CPU
		{68DC6662-300B-42D2-A324-C68F739FEBC9}.Android|Any CPU.ActiveCfg = Debug|Any CPU
		{68DC6662-300B-42D2-A324-C68F739FEBC9}.Android|Any CPU.Build.0 = Debug|Any CPU
		{68DC6662-300B-42D2-A324-C68F739FEBC9}.Android|ARM.ActiveCfg = Debug|Any CPU
		{68DC6662-300B-42D2-A324-C68F739FEBC9}.Android|ARM.Build.0 = Debug|Any CPU
		{68DC6662-300B-42D2-A324-C68F739FEBC9}.Android|iPhone.ActiveCfg = Debug|Any CPU
		{68DC6662-300B-42D2-A324-C68F739FEBC9}.Android|iPhone.Build.0 = Debug|Any CPU
		{68DC6662-300B-42D2-A324-C68F739FEBC9}.Android|iPhoneSimulator.ActiveCfg = Debug|Any CPU
		{68DC6662-300B-42D2-A324-C68F739FEBC9}.Android|iPhoneSimulator.Build.0 = Debug|Any CPU
		{68DC6662-300B-42D2-A324-C68F739FEBC9}.Android|x86.ActiveCfg = Debug|Any CPU
		{68DC6662-300B-42D2-A324-C68F739FEBC9}.Android|x86.Build.0 = Debug|Any CPU
		{68DC6662-300B-42D2-A324-C68F739FEBC9}.AppStore|Any CPU.ActiveCfg = Release|Any CPU
		{68DC6662-300B-42D2-A324-C68F739FEBC9}.AppStore|Any CPU.Build.0 = Release|Any CPU
		{68DC6662-300B-42D2-A324-C68F739FEBC9}.AppStore|ARM.ActiveCfg = Release|Any CPU
		{68DC6662-300B-42D2-A324-C68F739FEBC9}.AppStore|ARM.Build.0 = Release|Any CPU
		{68DC6662-300B-42D2-A324-C68F739FEBC9}.AppStore|iPhone.ActiveCfg = Release|Any CPU
		{68DC6662-300B-42D2-A324-C68F739FEBC9}.AppStore|iPhone.Build.0 = Release|Any CPU
		{68DC6662-300B-42D2-A324-C68F739FEBC9}.AppStore|iPhoneSimulator.ActiveCfg = Release|Any CPU
		{68DC6662-300B-42D2-A324-C68F739FEBC9}.AppStore|iPhoneSimulator.Build.0 = Release|Any CPU
		{68DC6662-300B-42D2-A324-C68F739FEBC9}.AppStore|x86.ActiveCfg = Release|Any CPU
		{68DC6662-300B-42D2-A324-C68F739FEBC9}.AppStore|x86.Build.0 = Release|Any CPU
		{68DC6662-300B-42D2-A324-C68F739FEBC9}.Debug|Any CPU.ActiveCfg = Debug|Any CPU
		{68DC6662-300B-42D2-A324-C68F739FEBC9}.Debug|Any CPU.Build.0 = Debug|Any CPU
		{68DC6662-300B-42D2-A324-C68F739FEBC9}.Debug|ARM.ActiveCfg = Debug|Any CPU
		{68DC6662-300B-42D2-A324-C68F739FEBC9}.Debug|ARM.Build.0 = Debug|Any CPU
		{68DC6662-300B-42D2-A324-C68F739FEBC9}.Debug|iPhone.ActiveCfg = Debug|Any CPU
		{68DC6662-300B-42D2-A324-C68F739FEBC9}.Debug|iPhone.Build.0 = Debug|Any CPU
		{68DC6662-300B-42D2-A324-C68F739FEBC9}.Debug|iPhoneSimulator.ActiveCfg = Debug|Any CPU
		{68DC6662-300B-42D2-A324-C68F739FEBC9}.Debug|iPhoneSimulator.Build.0 = Debug|Any CPU
		{68DC6662-300B-42D2-A324-C68F739FEBC9}.Debug|x86.ActiveCfg = Debug|Any CPU
		{68DC6662-300B-42D2-A324-C68F739FEBC9}.Debug|x86.Build.0 = Debug|Any CPU
		{68DC6662-300B-42D2-A324-C68F739FEBC9}.QA|Any CPU.ActiveCfg = Debug|Any CPU
		{68DC6662-300B-42D2-A324-C68F739FEBC9}.QA|Any CPU.Build.0 = Debug|Any CPU
		{68DC6662-300B-42D2-A324-C68F739FEBC9}.QA|ARM.ActiveCfg = Debug|Any CPU
		{68DC6662-300B-42D2-A324-C68F739FEBC9}.QA|ARM.Build.0 = Debug|Any CPU
		{68DC6662-300B-42D2-A324-C68F739FEBC9}.QA|iPhone.ActiveCfg = Debug|Any CPU
		{68DC6662-300B-42D2-A324-C68F739FEBC9}.QA|iPhone.Build.0 = Debug|Any CPU
		{68DC6662-300B-42D2-A324-C68F739FEBC9}.QA|iPhoneSimulator.ActiveCfg = Debug|Any CPU
		{68DC6662-300B-42D2-A324-C68F739FEBC9}.QA|iPhoneSimulator.Build.0 = Debug|Any CPU
		{68DC6662-300B-42D2-A324-C68F739FEBC9}.QA|x86.ActiveCfg = Debug|Any CPU
		{68DC6662-300B-42D2-A324-C68F739FEBC9}.QA|x86.Build.0 = Debug|Any CPU
		{68DC6662-300B-42D2-A324-C68F739FEBC9}.Release|Any CPU.ActiveCfg = Release|Any CPU
		{68DC6662-300B-42D2-A324-C68F739FEBC9}.Release|Any CPU.Build.0 = Release|Any CPU
		{68DC6662-300B-42D2-A324-C68F739FEBC9}.Release|ARM.ActiveCfg = Release|Any CPU
		{68DC6662-300B-42D2-A324-C68F739FEBC9}.Release|ARM.Build.0 = Release|Any CPU
		{68DC6662-300B-42D2-A324-C68F739FEBC9}.Release|iPhone.ActiveCfg = Release|Any CPU
		{68DC6662-300B-42D2-A324-C68F739FEBC9}.Release|iPhone.Build.0 = Release|Any CPU
		{68DC6662-300B-42D2-A324-C68F739FEBC9}.Release|iPhoneSimulator.ActiveCfg = Release|Any CPU
		{68DC6662-300B-42D2-A324-C68F739FEBC9}.Release|iPhoneSimulator.Build.0 = Release|Any CPU
		{68DC6662-300B-42D2-A324-C68F739FEBC9}.Release|x86.ActiveCfg = Release|Any CPU
		{68DC6662-300B-42D2-A324-C68F739FEBC9}.Release|x86.Build.0 = Release|Any CPU
		{FA2327E3-2AC3-40E4-B508-C89E84E4F15E}.Android|Any CPU.ActiveCfg = Android|Any CPU
		{FA2327E3-2AC3-40E4-B508-C89E84E4F15E}.Android|Any CPU.Build.0 = Android|Any CPU
		{FA2327E3-2AC3-40E4-B508-C89E84E4F15E}.Android|ARM.ActiveCfg = Android|Any CPU
		{FA2327E3-2AC3-40E4-B508-C89E84E4F15E}.Android|ARM.Build.0 = Android|Any CPU
		{FA2327E3-2AC3-40E4-B508-C89E84E4F15E}.Android|iPhone.ActiveCfg = Android|Any CPU
		{FA2327E3-2AC3-40E4-B508-C89E84E4F15E}.Android|iPhone.Build.0 = Android|Any CPU
		{FA2327E3-2AC3-40E4-B508-C89E84E4F15E}.Android|iPhoneSimulator.ActiveCfg = Android|Any CPU
		{FA2327E3-2AC3-40E4-B508-C89E84E4F15E}.Android|iPhoneSimulator.Build.0 = Android|Any CPU
		{FA2327E3-2AC3-40E4-B508-C89E84E4F15E}.Android|x86.ActiveCfg = Android|Any CPU
		{FA2327E3-2AC3-40E4-B508-C89E84E4F15E}.Android|x86.Build.0 = Android|Any CPU
		{FA2327E3-2AC3-40E4-B508-C89E84E4F15E}.AppStore|Any CPU.ActiveCfg = Android|Any CPU
		{FA2327E3-2AC3-40E4-B508-C89E84E4F15E}.AppStore|Any CPU.Build.0 = Android|Any CPU
		{FA2327E3-2AC3-40E4-B508-C89E84E4F15E}.AppStore|ARM.ActiveCfg = Android|Any CPU
		{FA2327E3-2AC3-40E4-B508-C89E84E4F15E}.AppStore|ARM.Build.0 = Android|Any CPU
		{FA2327E3-2AC3-40E4-B508-C89E84E4F15E}.AppStore|iPhone.ActiveCfg = Android|Any CPU
		{FA2327E3-2AC3-40E4-B508-C89E84E4F15E}.AppStore|iPhone.Build.0 = Android|Any CPU
		{FA2327E3-2AC3-40E4-B508-C89E84E4F15E}.AppStore|iPhoneSimulator.ActiveCfg = Android|Any CPU
		{FA2327E3-2AC3-40E4-B508-C89E84E4F15E}.AppStore|iPhoneSimulator.Build.0 = Android|Any CPU
		{FA2327E3-2AC3-40E4-B508-C89E84E4F15E}.AppStore|x86.ActiveCfg = Android|Any CPU
		{FA2327E3-2AC3-40E4-B508-C89E84E4F15E}.AppStore|x86.Build.0 = Android|Any CPU
		{FA2327E3-2AC3-40E4-B508-C89E84E4F15E}.Debug|Any CPU.ActiveCfg = Debug|Any CPU
		{FA2327E3-2AC3-40E4-B508-C89E84E4F15E}.Debug|Any CPU.Build.0 = Debug|Any CPU
		{FA2327E3-2AC3-40E4-B508-C89E84E4F15E}.Debug|ARM.ActiveCfg = Debug|Any CPU
		{FA2327E3-2AC3-40E4-B508-C89E84E4F15E}.Debug|ARM.Build.0 = Debug|Any CPU
		{FA2327E3-2AC3-40E4-B508-C89E84E4F15E}.Debug|iPhone.ActiveCfg = Debug|Any CPU
		{FA2327E3-2AC3-40E4-B508-C89E84E4F15E}.Debug|iPhone.Build.0 = Debug|Any CPU
		{FA2327E3-2AC3-40E4-B508-C89E84E4F15E}.Debug|iPhoneSimulator.ActiveCfg = Debug|Any CPU
		{FA2327E3-2AC3-40E4-B508-C89E84E4F15E}.Debug|iPhoneSimulator.Build.0 = Debug|Any CPU
		{FA2327E3-2AC3-40E4-B508-C89E84E4F15E}.Debug|x86.ActiveCfg = Debug|Any CPU
		{FA2327E3-2AC3-40E4-B508-C89E84E4F15E}.Debug|x86.Build.0 = Debug|Any CPU
		{FA2327E3-2AC3-40E4-B508-C89E84E4F15E}.QA|Any CPU.ActiveCfg = QA|Any CPU
		{FA2327E3-2AC3-40E4-B508-C89E84E4F15E}.QA|Any CPU.Build.0 = QA|Any CPU
		{FA2327E3-2AC3-40E4-B508-C89E84E4F15E}.QA|ARM.ActiveCfg = QA|Any CPU
		{FA2327E3-2AC3-40E4-B508-C89E84E4F15E}.QA|ARM.Build.0 = QA|Any CPU
		{FA2327E3-2AC3-40E4-B508-C89E84E4F15E}.QA|iPhone.ActiveCfg = QA|Any CPU
		{FA2327E3-2AC3-40E4-B508-C89E84E4F15E}.QA|iPhone.Build.0 = QA|Any CPU
		{FA2327E3-2AC3-40E4-B508-C89E84E4F15E}.QA|iPhoneSimulator.ActiveCfg = QA|Any CPU
		{FA2327E3-2AC3-40E4-B508-C89E84E4F15E}.QA|iPhoneSimulator.Build.0 = QA|Any CPU
		{FA2327E3-2AC3-40E4-B508-C89E84E4F15E}.QA|x86.ActiveCfg = QA|Any CPU
		{FA2327E3-2AC3-40E4-B508-C89E84E4F15E}.QA|x86.Build.0 = QA|Any CPU
		{FA2327E3-2AC3-40E4-B508-C89E84E4F15E}.Release|Any CPU.ActiveCfg = Release|Any CPU
		{FA2327E3-2AC3-40E4-B508-C89E84E4F15E}.Release|Any CPU.Build.0 = Release|Any CPU
		{FA2327E3-2AC3-40E4-B508-C89E84E4F15E}.Release|ARM.ActiveCfg = Release|Any CPU
		{FA2327E3-2AC3-40E4-B508-C89E84E4F15E}.Release|ARM.Build.0 = Release|Any CPU
		{FA2327E3-2AC3-40E4-B508-C89E84E4F15E}.Release|iPhone.ActiveCfg = Release|Any CPU
		{FA2327E3-2AC3-40E4-B508-C89E84E4F15E}.Release|iPhone.Build.0 = Release|Any CPU
		{FA2327E3-2AC3-40E4-B508-C89E84E4F15E}.Release|iPhoneSimulator.ActiveCfg = Release|Any CPU
		{FA2327E3-2AC3-40E4-B508-C89E84E4F15E}.Release|iPhoneSimulator.Build.0 = Release|Any CPU
		{FA2327E3-2AC3-40E4-B508-C89E84E4F15E}.Release|x86.ActiveCfg = Release|Any CPU
		{FA2327E3-2AC3-40E4-B508-C89E84E4F15E}.Release|x86.Build.0 = Release|Any CPU
		{F8BEFCCA-7320-493E-84DE-7F2108A6C9E5}.Android|Any CPU.ActiveCfg = Android|Any CPU
		{F8BEFCCA-7320-493E-84DE-7F2108A6C9E5}.Android|Any CPU.Build.0 = Android|Any CPU
		{F8BEFCCA-7320-493E-84DE-7F2108A6C9E5}.Android|ARM.ActiveCfg = Android|Any CPU
		{F8BEFCCA-7320-493E-84DE-7F2108A6C9E5}.Android|ARM.Build.0 = Android|Any CPU
		{F8BEFCCA-7320-493E-84DE-7F2108A6C9E5}.Android|iPhone.ActiveCfg = Android|Any CPU
		{F8BEFCCA-7320-493E-84DE-7F2108A6C9E5}.Android|iPhone.Build.0 = Android|Any CPU
		{F8BEFCCA-7320-493E-84DE-7F2108A6C9E5}.Android|iPhoneSimulator.ActiveCfg = Android|Any CPU
		{F8BEFCCA-7320-493E-84DE-7F2108A6C9E5}.Android|iPhoneSimulator.Build.0 = Android|Any CPU
		{F8BEFCCA-7320-493E-84DE-7F2108A6C9E5}.Android|x86.ActiveCfg = Android|Any CPU
		{F8BEFCCA-7320-493E-84DE-7F2108A6C9E5}.Android|x86.Build.0 = Android|Any CPU
		{F8BEFCCA-7320-493E-84DE-7F2108A6C9E5}.AppStore|Any CPU.ActiveCfg = Android|Any CPU
		{F8BEFCCA-7320-493E-84DE-7F2108A6C9E5}.AppStore|Any CPU.Build.0 = Android|Any CPU
		{F8BEFCCA-7320-493E-84DE-7F2108A6C9E5}.AppStore|ARM.ActiveCfg = Android|Any CPU
		{F8BEFCCA-7320-493E-84DE-7F2108A6C9E5}.AppStore|ARM.Build.0 = Android|Any CPU
		{F8BEFCCA-7320-493E-84DE-7F2108A6C9E5}.AppStore|iPhone.ActiveCfg = Android|Any CPU
		{F8BEFCCA-7320-493E-84DE-7F2108A6C9E5}.AppStore|iPhone.Build.0 = Android|Any CPU
		{F8BEFCCA-7320-493E-84DE-7F2108A6C9E5}.AppStore|iPhoneSimulator.ActiveCfg = Android|Any CPU
		{F8BEFCCA-7320-493E-84DE-7F2108A6C9E5}.AppStore|iPhoneSimulator.Build.0 = Android|Any CPU
		{F8BEFCCA-7320-493E-84DE-7F2108A6C9E5}.AppStore|x86.ActiveCfg = Android|Any CPU
		{F8BEFCCA-7320-493E-84DE-7F2108A6C9E5}.AppStore|x86.Build.0 = Android|Any CPU
		{F8BEFCCA-7320-493E-84DE-7F2108A6C9E5}.Debug|Any CPU.ActiveCfg = Debug|Any CPU
		{F8BEFCCA-7320-493E-84DE-7F2108A6C9E5}.Debug|Any CPU.Build.0 = Debug|Any CPU
		{F8BEFCCA-7320-493E-84DE-7F2108A6C9E5}.Debug|ARM.ActiveCfg = Debug|Any CPU
		{F8BEFCCA-7320-493E-84DE-7F2108A6C9E5}.Debug|ARM.Build.0 = Debug|Any CPU
		{F8BEFCCA-7320-493E-84DE-7F2108A6C9E5}.Debug|iPhone.ActiveCfg = Debug|Any CPU
		{F8BEFCCA-7320-493E-84DE-7F2108A6C9E5}.Debug|iPhone.Build.0 = Debug|Any CPU
		{F8BEFCCA-7320-493E-84DE-7F2108A6C9E5}.Debug|iPhoneSimulator.ActiveCfg = Debug|Any CPU
		{F8BEFCCA-7320-493E-84DE-7F2108A6C9E5}.Debug|iPhoneSimulator.Build.0 = Debug|Any CPU
		{F8BEFCCA-7320-493E-84DE-7F2108A6C9E5}.Debug|x86.ActiveCfg = Debug|Any CPU
		{F8BEFCCA-7320-493E-84DE-7F2108A6C9E5}.Debug|x86.Build.0 = Debug|Any CPU
		{F8BEFCCA-7320-493E-84DE-7F2108A6C9E5}.QA|Any CPU.ActiveCfg = QA|Any CPU
		{F8BEFCCA-7320-493E-84DE-7F2108A6C9E5}.QA|Any CPU.Build.0 = QA|Any CPU
		{F8BEFCCA-7320-493E-84DE-7F2108A6C9E5}.QA|ARM.ActiveCfg = QA|Any CPU
		{F8BEFCCA-7320-493E-84DE-7F2108A6C9E5}.QA|ARM.Build.0 = QA|Any CPU
		{F8BEFCCA-7320-493E-84DE-7F2108A6C9E5}.QA|iPhone.ActiveCfg = QA|Any CPU
		{F8BEFCCA-7320-493E-84DE-7F2108A6C9E5}.QA|iPhone.Build.0 = QA|Any CPU
		{F8BEFCCA-7320-493E-84DE-7F2108A6C9E5}.QA|iPhoneSimulator.ActiveCfg = QA|Any CPU
		{F8BEFCCA-7320-493E-84DE-7F2108A6C9E5}.QA|iPhoneSimulator.Build.0 = QA|Any CPU
		{F8BEFCCA-7320-493E-84DE-7F2108A6C9E5}.QA|x86.ActiveCfg = QA|Any CPU
		{F8BEFCCA-7320-493E-84DE-7F2108A6C9E5}.QA|x86.Build.0 = QA|Any CPU
		{F8BEFCCA-7320-493E-84DE-7F2108A6C9E5}.Release|Any CPU.ActiveCfg = Release|Any CPU
		{F8BEFCCA-7320-493E-84DE-7F2108A6C9E5}.Release|Any CPU.Build.0 = Release|Any CPU
		{F8BEFCCA-7320-493E-84DE-7F2108A6C9E5}.Release|ARM.ActiveCfg = Release|Any CPU
		{F8BEFCCA-7320-493E-84DE-7F2108A6C9E5}.Release|ARM.Build.0 = Release|Any CPU
		{F8BEFCCA-7320-493E-84DE-7F2108A6C9E5}.Release|iPhone.ActiveCfg = Release|Any CPU
		{F8BEFCCA-7320-493E-84DE-7F2108A6C9E5}.Release|iPhone.Build.0 = Release|Any CPU
		{F8BEFCCA-7320-493E-84DE-7F2108A6C9E5}.Release|iPhoneSimulator.ActiveCfg = Release|Any CPU
		{F8BEFCCA-7320-493E-84DE-7F2108A6C9E5}.Release|iPhoneSimulator.Build.0 = Release|Any CPU
		{F8BEFCCA-7320-493E-84DE-7F2108A6C9E5}.Release|x86.ActiveCfg = Release|Any CPU
		{F8BEFCCA-7320-493E-84DE-7F2108A6C9E5}.Release|x86.Build.0 = Release|Any CPU
	EndGlobalSection
	GlobalSection(SolutionProperties) = preSolution
		HideSolutionNode = FALSE
	EndGlobalSection
	GlobalSection(NestedProjects) = preSolution
		{FA2327E3-2AC3-40E4-B508-C89E84E4F15E} = {2E6CBB2A-CABE-48C5-AC9E-28C8DBE30567}
		{F8BEFCCA-7320-493E-84DE-7F2108A6C9E5} = {2E6CBB2A-CABE-48C5-AC9E-28C8DBE30567}
	EndGlobalSection
EndGlobal
